
Microsoft Visual Studio Solution File, Format Version 12.00
# Visual Studio 15
VisualStudioVersion = 15.0.27428.2002
MinimumVisualStudioVersion = 10.0.40219.1
Project("{FAE04EC0-301F-11D3-BF4B-00C04F79EFBC}") = "WpfLab", "WpfLab\WpfLab.csproj", "{6E893A73-37FB-40B3-97A5-8CEF8C2826F5}"
EndProject
Global
	GlobalSection(SolutionConfigurationPlatforms) = preSolution
		Debug|Any CPU = Debug|Any CPU
		Release|Any CPU = Release|Any CPU
	EndGlobalSection
	GlobalSection(ProjectConfigurationPlatforms) = postSolution
		{6E893A73-37FB-40B3-97A5-8CEF8C2826F5}.Debug|Any CPU.ActiveCfg = Debug|Any CPU
		{6E893A73-37FB-40B3-97A5-8CEF8C2826F5}.Debug|Any CPU.Build.0 = Debug|Any CPU
		{6E893A73-37FB-40B3-97A5-8CEF8C2826F5}.Release|Any CPU.ActiveCfg = Release|Any CPU
		{6E893A73-37FB-40B3-97A5-8CEF8C2826F5}.Release|Any CPU.Build.0 = Release|Any CPU
	EndGlobalSection
	GlobalSection(SolutionProperties) = preSolution
		HideSolutionNode = FALSE
	EndGlobalSection
	GlobalSection(ExtensibilityGlobals) = postSolution
		SolutionGuid = {D6D89EF7-232F-4D25-8F00-C55B7A737E60}
	EndGlobalSection
EndGlobal
